// !$*UTF8*$!
{
	archiveVersion = 1;
	classes = {
	};
	objectVersion = 46;
	objects = {

/* Begin PBXBuildFile section */
		3195BA3A59FD76F6C444D891 /* Pods_OpenWeatherMap.framework in Frameworks */ = {isa = PBXBuildFile; fileRef = 45C2F0714E50591638C972CD /* Pods_OpenWeatherMap.framework */; };
		813E7BD71DA078F900C4465B /* Weathergetter.swift in Sources */ = {isa = PBXBuildFile; fileRef = 813E7BD61DA078F900C4465B /* Weathergetter.swift */; };
		81AA11401DA113770042D507 /* Weather.swift in Sources */ = {isa = PBXBuildFile; fileRef = 81AA113F1DA113770042D507 /* Weather.swift */; };
		81AA11441DA17E340042D507 /* DetailWeatherViewController.swift in Sources */ = {isa = PBXBuildFile; fileRef = 81AA11431DA17E340042D507 /* DetailWeatherViewController.swift */; };
		81DE2EF91D9D255B00F78BB9 /* AppDelegate.swift in Sources */ = {isa = PBXBuildFile; fileRef = 81DE2EF81D9D255B00F78BB9 /* AppDelegate.swift */; };
		81DE2EFB1D9D255B00F78BB9 /* ViewController.swift in Sources */ = {isa = PBXBuildFile; fileRef = 81DE2EFA1D9D255B00F78BB9 /* ViewController.swift */; };
		81DE2EFE1D9D255B00F78BB9 /* Main.storyboard in Resources */ = {isa = PBXBuildFile; fileRef = 81DE2EFC1D9D255B00F78BB9 /* Main.storyboard */; };
		81DE2F001D9D255B00F78BB9 /* Assets.xcassets in Resources */ = {isa = PBXBuildFile; fileRef = 81DE2EFF1D9D255B00F78BB9 /* Assets.xcassets */; };
		81DE2F031D9D255B00F78BB9 /* LaunchScreen.storyboard in Resources */ = {isa = PBXBuildFile; fileRef = 81DE2F011D9D255B00F78BB9 /* LaunchScreen.storyboard */; };
		81DE2F0B1D9D257E00F78BB9 /* README.md in Sources */ = {isa = PBXBuildFile; fileRef = 81DE2F0A1D9D257E00F78BB9 /* README.md */; };
/* End PBXBuildFile section */

/* Begin PBXFileReference section */
		45C2F0714E50591638C972CD /* Pods_OpenWeatherMap.framework */ = {isa = PBXFileReference; explicitFileType = wrapper.framework; includeInIndex = 0; path = Pods_OpenWeatherMap.framework; sourceTree = BUILT_PRODUCTS_DIR; };
		574F5986C12FE8BCB85C7298 /* Pods-OpenWeatherMap.release.xcconfig */ = {isa = PBXFileReference; includeInIndex = 1; lastKnownFileType = text.xcconfig; name = "Pods-OpenWeatherMap.release.xcconfig"; path = "Pods/Target Support Files/Pods-OpenWeatherMap/Pods-OpenWeatherMap.release.xcconfig"; sourceTree = "<group>"; };
		813E7BD61DA078F900C4465B /* Weathergetter.swift */ = {isa = PBXFileReference; fileEncoding = 4; lastKnownFileType = sourcecode.swift; path = Weathergetter.swift; sourceTree = "<group>"; };
		81AA113F1DA113770042D507 /* Weather.swift */ = {isa = PBXFileReference; fileEncoding = 4; lastKnownFileType = sourcecode.swift; path = Weather.swift; sourceTree = "<group>"; };
		81AA11431DA17E340042D507 /* DetailWeatherViewController.swift */ = {isa = PBXFileReference; fileEncoding = 4; lastKnownFileType = sourcecode.swift; path = DetailWeatherViewController.swift; sourceTree = "<group>"; };
		81DE2EF51D9D255B00F78BB9 /* OpenWeatherMap.app */ = {isa = PBXFileReference; explicitFileType = wrapper.application; includeInIndex = 0; path = OpenWeatherMap.app; sourceTree = BUILT_PRODUCTS_DIR; };
		81DE2EF81D9D255B00F78BB9 /* AppDelegate.swift */ = {isa = PBXFileReference; lastKnownFileType = sourcecode.swift; path = AppDelegate.swift; sourceTree = "<group>"; };
		81DE2EFA1D9D255B00F78BB9 /* ViewController.swift */ = {isa = PBXFileReference; lastKnownFileType = sourcecode.swift; path = ViewController.swift; sourceTree = "<group>"; };
		81DE2EFD1D9D255B00F78BB9 /* Base */ = {isa = PBXFileReference; lastKnownFileType = file.storyboard; name = Base; path = Base.lproj/Main.storyboard; sourceTree = "<group>"; };
		81DE2EFF1D9D255B00F78BB9 /* Assets.xcassets */ = {isa = PBXFileReference; lastKnownFileType = folder.assetcatalog; path = Assets.xcassets; sourceTree = "<group>"; };
		81DE2F021D9D255B00F78BB9 /* Base */ = {isa = PBXFileReference; lastKnownFileType = file.storyboard; name = Base; path = Base.lproj/LaunchScreen.storyboard; sourceTree = "<group>"; };
		81DE2F041D9D255B00F78BB9 /* Info.plist */ = {isa = PBXFileReference; lastKnownFileType = text.plist.xml; path = Info.plist; sourceTree = "<group>"; };
		81DE2F0A1D9D257E00F78BB9 /* README.md */ = {isa = PBXFileReference; fileEncoding = 4; lastKnownFileType = net.daringfireball.markdown; path = README.md; sourceTree = "<group>"; };
		DE84DB5EBBFA9A776CF86FBF /* Pods-OpenWeatherMap.debug.xcconfig */ = {isa = PBXFileReference; includeInIndex = 1; lastKnownFileType = text.xcconfig; name = "Pods-OpenWeatherMap.debug.xcconfig"; path = "Pods/Target Support Files/Pods-OpenWeatherMap/Pods-OpenWeatherMap.debug.xcconfig"; sourceTree = "<group>"; };
/* End PBXFileReference section */

/* Begin PBXFrameworksBuildPhase section */
		81DE2EF21D9D255B00F78BB9 /* Frameworks */ = {
			isa = PBXFrameworksBuildPhase;
			buildActionMask = 2147483647;
			files = (
				3195BA3A59FD76F6C444D891 /* Pods_OpenWeatherMap.framework in Frameworks */,
			);
			runOnlyForDeploymentPostprocessing = 0;
		};
/* End PBXFrameworksBuildPhase section */

/* Begin PBXGroup section */
		81DE2EEC1D9D255B00F78BB9 = {
			isa = PBXGroup;
			children = (
				81DE2F0A1D9D257E00F78BB9 /* README.md */,
				81DE2EF71D9D255B00F78BB9 /* OpenWeatherMap */,
				81DE2EF61D9D255B00F78BB9 /* Products */,
				D5A76EF3925919EA79D4A64D /* Pods */,
				E9D61DA536E79AF03D2B660F /* Frameworks */,
			);
			sourceTree = "<group>";
		};
		81DE2EF61D9D255B00F78BB9 /* Products */ = {
			isa = PBXGroup;
			children = (
				81DE2EF51D9D255B00F78BB9 /* OpenWeatherMap.app */,
			);
			name = Products;
			sourceTree = "<group>";
		};
		81DE2EF71D9D255B00F78BB9 /* OpenWeatherMap */ = {
			isa = PBXGroup;
			children = (
				81DE2EF81D9D255B00F78BB9 /* AppDelegate.swift */,
				81DE2EFA1D9D255B00F78BB9 /* ViewController.swift */,
				81DE2EFC1D9D255B00F78BB9 /* Main.storyboard */,
				81DE2EFF1D9D255B00F78BB9 /* Assets.xcassets */,
				81DE2F011D9D255B00F78BB9 /* LaunchScreen.storyboard */,
				81DE2F041D9D255B00F78BB9 /* Info.plist */,
				813E7BD61DA078F900C4465B /* Weathergetter.swift */,
				81AA113F1DA113770042D507 /* Weather.swift */,
				81AA11431DA17E340042D507 /* DetailWeatherViewController.swift */,
			);
			path = OpenWeatherMap;
			sourceTree = "<group>";
		};
		D5A76EF3925919EA79D4A64D /* Pods */ = {
			isa = PBXGroup;
			children = (
				DE84DB5EBBFA9A776CF86FBF /* Pods-OpenWeatherMap.debug.xcconfig */,
				574F5986C12FE8BCB85C7298 /* Pods-OpenWeatherMap.release.xcconfig */,
			);
			name = Pods;
			sourceTree = "<group>";
		};
		E9D61DA536E79AF03D2B660F /* Frameworks */ = {
			isa = PBXGroup;
			children = (
				45C2F0714E50591638C972CD /* Pods_OpenWeatherMap.framework */,
			);
			name = Frameworks;
			sourceTree = "<group>";
		};
/* End PBXGroup section */

/* Begin PBXNativeTarget section */
		81DE2EF41D9D255B00F78BB9 /* OpenWeatherMap */ = {
			isa = PBXNativeTarget;
			buildConfigurationList = 81DE2F071D9D255B00F78BB9 /* Build configuration list for PBXNativeTarget "OpenWeatherMap" */;
			buildPhases = (
				7351DAE2F671388F68B4A2B3 /* [CP] Check Pods Manifest.lock */,
				81DE2EF11D9D255B00F78BB9 /* Sources */,
				81DE2EF21D9D255B00F78BB9 /* Frameworks */,
				81DE2EF31D9D255B00F78BB9 /* Resources */,
				35E3E8D24D2F8CCD1011F3EF /* [CP] Embed Pods Frameworks */,
				685548881982E5C651DF186B /* [CP] Copy Pods Resources */,
			);
			buildRules = (
			);
			dependencies = (
			);
			name = OpenWeatherMap;
			productName = OpenWeatherMap;
			productReference = 81DE2EF51D9D255B00F78BB9 /* OpenWeatherMap.app */;
			productType = "com.apple.product-type.application";
		};
/* End PBXNativeTarget section */

/* Begin PBXProject section */
		81DE2EED1D9D255B00F78BB9 /* Project object */ = {
			isa = PBXProject;
			attributes = {
				LastSwiftUpdateCheck = 0800;
				LastUpgradeCheck = 0800;
				ORGANIZATIONNAME = "Albert Tagirov";
				TargetAttributes = {
					81DE2EF41D9D255B00F78BB9 = {
						CreatedOnToolsVersion = 8.0;
						DevelopmentTeam = VNEQ5K7W59;
						ProvisioningStyle = Automatic;
					};
				};
			};
			buildConfigurationList = 81DE2EF01D9D255B00F78BB9 /* Build configuration list for PBXProject "OpenWeatherMap" */;
			compatibilityVersion = "Xcode 3.2";
			developmentRegion = English;
			hasScannedForEncodings = 0;
			knownRegions = (
				en,
				Base,
			);
			mainGroup = 81DE2EEC1D9D255B00F78BB9;
			productRefGroup = 81DE2EF61D9D255B00F78BB9 /* Products */;
			projectDirPath = "";
			projectRoot = "";
			targets = (
				81DE2EF41D9D255B00F78BB9 /* OpenWeatherMap */,
			);
		};
/* End PBXProject section */

/* Begin PBXResourcesBuildPhase section */
		81DE2EF31D9D255B00F78BB9 /* Resources */ = {
			isa = PBXResourcesBuildPhase;
			buildActionMask = 2147483647;
			files = (
				81DE2F031D9D255B00F78BB9 /* LaunchScreen.storyboard in Resources */,
				81DE2F001D9D255B00F78BB9 /* Assets.xcassets in Resources */,
				81DE2EFE1D9D255B00F78BB9 /* Main.storyboard in Resources */,
			);
			runOnlyForDeploymentPostprocessing = 0;
		};
/* End PBXResourcesBuildPhase section */

/* Begin PBXShellScriptBuildPhase section */
		35E3E8D24D2F8CCD1011F3EF /* [CP] Embed Pods Frameworks */ = {
			isa = PBXShellScriptBuildPhase;
			buildActionMask = 2147483647;
			files = (
			);
			inputPaths = (
			);
			name = "[CP] Embed Pods Frameworks";
			outputPaths = (
			);
			runOnlyForDeploymentPostprocessing = 0;
			shellPath = /bin/sh;
			shellScript = "\"${SRCROOT}/Pods/Target Support Files/Pods-OpenWeatherMap/Pods-OpenWeatherMap-frameworks.sh\"\n";
			showEnvVarsInLog = 0;
		};
		685548881982E5C651DF186B /* [CP] Copy Pods Resources */ = {
			isa = PBXShellScriptBuildPhase;
			buildActionMask = 2147483647;
			files = (
			);
			inputPaths = (
			);
			name = "[CP] Copy Pods Resources";
			outputPaths = (
			);
			runOnlyForDeploymentPostprocessing = 0;
			shellPath = /bin/sh;
			shellScript = "\"${SRCROOT}/Pods/Target Support Files/Pods-OpenWeatherMap/Pods-OpenWeatherMap-resources.sh\"\n";
			showEnvVarsInLog = 0;
		};
		7351DAE2F671388F68B4A2B3 /* [CP] Check Pods Manifest.lock */ = {
			isa = PBXShellScriptBuildPhase;
			buildActionMask = 2147483647;
			files = (
			);
			inputPaths = (
			);
			name = "[CP] Check Pods Manifest.lock";
			outputPaths = (
			);
			runOnlyForDeploymentPostprocessing = 0;
			shellPath = /bin/sh;
			shellScript = "diff \"${PODS_ROOT}/../Podfile.lock\" \"${PODS_ROOT}/Manifest.lock\" > /dev/null\nif [ $? != 0 ] ; then\n    # print error to STDERR\n    echo \"error: The sandbox is not in sync with the Podfile.lock. Run 'pod install' or update your CocoaPods installation.\" >&2\n    exit 1\nfi\n";
			showEnvVarsInLog = 0;
		};
/* End PBXShellScriptBuildPhase section */

/* Begin PBXSourcesBuildPhase section */
		81DE2EF11D9D255B00F78BB9 /* Sources */ = {
			isa = PBXSourcesBuildPhase;
			buildActionMask = 2147483647;
			files = (
				81AA11441DA17E340042D507 /* DetailWeatherViewController.swift in Sources */,
				81DE2F0B1D9D257E00F78BB9 /* README.md in Sources */,
				813E7BD71DA078F900C4465B /* Weathergetter.swift in Sources */,
				81DE2EFB1D9D255B00F78BB9 /* ViewController.swift in Sources */,
				81DE2EF91D9D255B00F78BB9 /* AppDelegate.swift in Sources */,
				81AA11401DA113770042D507 /* Weather.swift in Sources */,
			);
			runOnlyForDeploymentPostprocessing = 0;
		};
/* End PBXSourcesBuildPhase section */

/* Begin PBXVariantGroup section */
		81DE2EFC1D9D255B00F78BB9 /* Main.storyboard */ = {
			isa = PBXVariantGroup;
			children = (
				81DE2EFD1D9D255B00F78BB9 /* Base */,
			);
			name = Main.storyboard;
			sourceTree = "<group>";
		};
		81DE2F011D9D255B00F78BB9 /* LaunchScreen.storyboard */ = {
			isa = PBXVariantGroup;
			children = (
				81DE2F021D9D255B00F78BB9 /* Base */,
			);
			name = LaunchScreen.storyboard;
			sourceTree = "<group>";
		};
/* End PBXVariantGroup section */

/* Begin XCBuildConfiguration section */
		81DE2F051D9D255B00F78BB9 /* Debug */ = {
			isa = XCBuildConfiguration;
			buildSettings = {
				ALWAYS_SEARCH_USER_PATHS = NO;
				CLANG_ANALYZER_NONNULL = YES;
				CLANG_CXX_LANGUAGE_STANDARD = "gnu++0x";
				CLANG_CXX_LIBRARY = "libc++";
				CLANG_ENABLE_MODULES = YES;
				CLANG_ENABLE_OBJC_ARC = YES;
				CLANG_WARN_BOOL_CONVERSION = YES;
				CLANG_WARN_CONSTANT_CONVERSION = YES;
				CLANG_WARN_DIRECT_OBJC_ISA_USAGE = YES_ERROR;
				CLANG_WARN_DOCUMENTATION_COMMENTS = YES;
				CLANG_WARN_EMPTY_BODY = YES;
				CLANG_WARN_ENUM_CONVERSION = YES;
				CLANG_WARN_INFINITE_RECURSION = YES;
				CLANG_WARN_INT_CONVERSION = YES;
				CLANG_WARN_OBJC_ROOT_CLASS = YES_ERROR;
				CLANG_WARN_SUSPICIOUS_MOVES = YES;
				CLANG_WARN_UNREACHABLE_CODE = YES;
				CLANG_WARN__DUPLICATE_METHOD_MATCH = YES;
				"CODE_SIGN_IDENTITY[sdk=iphoneos*]" = "iPhone Developer";
				COPY_PHASE_STRIP = NO;
				DEBUG_INFORMATION_FORMAT = dwarf;
				ENABLE_STRICT_OBJC_MSGSEND = YES;
				ENABLE_TESTABILITY = YES;
				GCC_C_LANGUAGE_STANDARD = gnu99;
				GCC_DYNAMIC_NO_PIC = NO;
				GCC_NO_COMMON_BLOCKS = YES;
				GCC_OPTIMIZATION_LEVEL = 0;
				GCC_PREPROCESSOR_DEFINITIONS = (
					"DEBUG=1",
					"$(inherited)",
				);
				GCC_WARN_64_TO_32_BIT_CONVERSION = YES;
				GCC_WARN_ABOUT_RETURN_TYPE = YES_ERROR;
				GCC_WARN_UNDECLARED_SELECTOR = YES;
				GCC_WARN_UNINITIALIZED_AUTOS = YES_AGGRESSIVE;
				GCC_WARN_UNUSED_FUNCTION = YES;
				GCC_WARN_UNUSED_VARIABLE = YES;
				IPHONEOS_DEPLOYMENT_TARGET = 10.0;
				MTL_ENABLE_DEBUG_INFO = YES;
				ONLY_ACTIVE_ARCH = YES;
				SDKROOT = iphoneos;
				SWIFT_ACTIVE_COMPILATION_CONDITIONS = DEBUG;
				SWIFT_OPTIMIZATION_LEVEL = "-Onone";
			};
			name = Debug;
		};
		81DE2F061D9D255B00F78BB9 /* Release */ = {
			isa = XCBuildConfiguration;
			buildSettings = {
				ALWAYS_SEARCH_USER_PATHS = NO;
				CLANG_ANALYZER_NONNULL = YES;
				CLANG_CXX_LANGUAGE_STANDARD = "gnu++0x";
				CLANG_CXX_LIBRARY = "libc++";
				CLANG_ENABLE_MODULES = YES;
				CLANG_ENABLE_OBJC_ARC = YES;
				CLANG_WARN_BOOL_CONVERSION = YES;
				CLANG_WARN_CONSTANT_CONVERSION = YES;
				CLANG_WARN_DIRECT_OBJC_ISA_USAGE = YES_ERROR;
				CLANG_WARN_DOCUMENTATION_COMMENTS = YES;
				CLANG_WARN_EMPTY_BODY = YES;
				CLANG_WARN_ENUM_CONVERSION = YES;
				CLANG_WARN_INFINITE_RECURSION = YES;
				CLANG_WARN_INT_CONVERSION = YES;
				CLANG_WARN_OBJC_ROOT_CLASS = YES_ERROR;
				CLANG_WARN_SUSPICIOUS_MOVES = YES;
				CLANG_WARN_UNREACHABLE_CODE = YES;
				CLANG_WARN__DUPLICATE_METHOD_MATCH = YES;
				"CODE_SIGN_IDENTITY[sdk=iphoneos*]" = "iPhone Developer";
				COPY_PHASE_STRIP = NO;
				DEBUG_INFORMATION_FORMAT = "dwarf-with-dsym";
				ENABLE_NS_ASSERTIONS = NO;
				ENABLE_STRICT_OBJC_MSGSEND = YES;
				GCC_C_LANGUAGE_STANDARD = gnu99;
				GCC_NO_COMMON_BLOCKS = YES;
				GCC_WARN_64_TO_32_BIT_CONVERSION = YES;
				GCC_WARN_ABOUT_RETURN_TYPE = YES_ERROR;
				GCC_WARN_UNDECLARED_SELECTOR = YES;
				GCC_WARN_UNINITIALIZED_AUTOS = YES_AGGRESSIVE;
				GCC_WARN_UNUSED_FUNCTION = YES;
				GCC_WARN_UNUSED_VARIABLE = YES;
				IPHONEOS_DEPLOYMENT_TARGET = 10.0;
				MTL_ENABLE_DEBUG_INFO = NO;
				SDKROOT = iphoneos;
				SWIFT_OPTIMIZATION_LEVEL = "-Owholemodule";
				VALIDATE_PRODUCT = YES;
			};
			name = Release;
		};
		81DE2F081D9D255B00F78BB9 /* Debug */ = {
			isa = XCBuildConfiguration;
			baseConfigurationReference = DE84DB5EBBFA9A776CF86FBF /* Pods-OpenWeatherMap.debug.xcconfig */;
			buildSettings = {
				ASSETCATALOG_COMPILER_APPICON_NAME = AppIcon;
				DEVELOPMENT_TEAM = VNEQ5K7W59;
				INFOPLIST_FILE = OpenWeatherMap/Info.plist;
				LD_RUNPATH_SEARCH_PATHS = "$(inherited) @executable_path/Frameworks";
				PRODUCT_BUNDLE_IDENTIFIER = OpenWeatherMapAlba;
				PRODUCT_NAME = "$(TARGET_NAME)";
				SWIFT_VERSION = 3.0;
			};
			name = Debug;
		};
		81DE2F091D9D255B00F78BB9 /* Release */ = {
			isa = XCBuildConfiguration;
			baseConfigurationReference = 574F5986C12FE8BCB85C7298 /* Pods-OpenWeatherMap.release.xcconfig */;
			buildSettings = {
				ASSETCATALOG_COMPILER_APPICON_NAME = AppIcon;
				DEVELOPMENT_TEAM = VNEQ5K7W59;
				INFOPLIST_FILE = OpenWeatherMap/Info.plist;
				LD_RUNPATH_SEARCH_PATHS = "$(inherited) @executable_path/Frameworks";
				PRODUCT_BUNDLE_IDENTIFIER = OpenWeatherMapAlba;
				PRODUCT_NAME = "$(TARGET_NAME)";
				SWIFT_VERSION = 3.0;
			};
			name = Release;
		};
/* End XCBuildConfiguration section */

/* Begin XCConfigurationList section */
		81DE2EF01D9D255B00F78BB9 /* Build configuration list for PBXProject "OpenWeatherMap" */ = {
			isa = XCConfigurationList;
			buildConfigurations = (
				81DE2F051D9D255B00F78BB9 /* Debug */,
				81DE2F061D9D255B00F78BB9 /* Release */,
			);
			defaultConfigurationIsVisible = 0;
			defaultConfigurationName = Release;
		};
		81DE2F071D9D255B00F78BB9 /* Build configuration list for PBXNativeTarget "OpenWeatherMap" */ = {
			isa = XCConfigurationList;
			buildConfigurations = (
				81DE2F081D9D255B00F78BB9 /* Debug */,
				81DE2F091D9D255B00F78BB9 /* Release */,
			);
			defaultConfigurationIsVisible = 0;
			defaultConfigurationName = Release;
		};
/* End XCConfigurationList section */
	};
	rootObject = 81DE2EED1D9D255B00F78BB9 /* Project object */;
}
